
Microsoft Visual Studio Solution File, Format Version 12.00
# Visual Studio Version 17
VisualStudioVersion = 17.9.34616.47
MinimumVisualStudioVersion = 10.0.40219.1
Project("{9A19103F-16F7-4668-BE54-9A1E7A4F7556}") = "AppTest", "AppTest.csproj", "{57156CEC-48C3-4A7E-A0D0-C32E7C2F4DE3}"
EndProject
Global
	GlobalSection(SolutionConfigurationPlatforms) = preSolution
		Debug|Any CPU = Debug|Any CPU
		Release|Any CPU = Release|Any CPU
	EndGlobalSection
	GlobalSection(ProjectConfigurationPlatforms) = postSolution
		{57156CEC-48C3-4A7E-A0D0-C32E7C2F4DE3}.Debug|Any CPU.ActiveCfg = Debug|Any CPU
		{57156CEC-48C3-4A7E-A0D0-C32E7C2F4DE3}.Debug|Any CPU.Build.0 = Debug|Any CPU
		{57156CEC-48C3-4A7E-A0D0-C32E7C2F4DE3}.Release|Any CPU.ActiveCfg = Release|Any CPU
		{57156CEC-48C3-4A7E-A0D0-C32E7C2F4DE3}.Release|Any CPU.Build.0 = Release|Any CPU
	EndGlobalSection
	GlobalSection(SolutionProperties) = preSolution
		HideSolutionNode = FALSE
	EndGlobalSection
	GlobalSection(ExtensibilityGlobals) = postSolution
		SolutionGuid = {3887A671-DED5-495B-8FEE-2B653DEEE583}
	EndGlobalSection
EndGlobal
